
Microsoft Visual Studio Solution File, Format Version 12.00
# Visual Studio Version 17
VisualStudioVersion = 17.7.34031.279
MinimumVisualStudioVersion = 10.0.40219.1
Project("{FAE04EC0-301F-11D3-BF4B-00C04F79EFBC}") = "WorkOrderProject", "WorkOrderProject.csproj", "{C5B80ECA-43AB-4C28-8665-41A3D2879E79}"
EndProject
Global
	GlobalSection(SolutionConfigurationPlatforms) = preSolution
		Debug|Any CPU = Debug|Any CPU
		Release|Any CPU = Release|Any CPU
	EndGlobalSection
	GlobalSection(ProjectConfigurationPlatforms) = postSolution
		{C5B80ECA-43AB-4C28-8665-41A3D2879E79}.Debug|Any CPU.ActiveCfg = Debug|Any CPU
		{C5B80ECA-43AB-4C28-8665-41A3D2879E79}.Debug|Any CPU.Build.0 = Debug|Any CPU
		{C5B80ECA-43AB-4C28-8665-41A3D2879E79}.Release|Any CPU.ActiveCfg = Release|Any CPU
		{C5B80ECA-43AB-4C28-8665-41A3D2879E79}.Release|Any CPU.Build.0 = Release|Any CPU
	EndGlobalSection
	GlobalSection(SolutionProperties) = preSolution
		HideSolutionNode = FALSE
	EndGlobalSection
	GlobalSection(ExtensibilityGlobals) = postSolution
		SolutionGuid = {00EC5A7A-3CDF-4ED9-9F36-9480C8EE4FA0}
	EndGlobalSection
EndGlobal
